
Microsoft Visual Studio Solution File, Format Version 12.00
# Visual Studio 14
VisualStudioVersion = 14.0.25420.1
MinimumVisualStudioVersion = 10.0.40219.1
Project("{FAE04EC0-301F-11D3-BF4B-00C04F79EFBC}") = "TCP-Server", "TCP-Server\TCP-Server.csproj", "{4E8986C5-9640-4AD8-B4E1-8727E6C970C6}"
EndProject
Project("{FAE04EC0-301F-11D3-BF4B-00C04F79EFBC}") = "TCP-Client", "TCP-Client\TCP-Client.csproj", "{5EB8B2F4-4E7A-45FD-A54C-E6C3A8BC8B7C}"
EndProject
Project("{FAE04EC0-301F-11D3-BF4B-00C04F79EFBC}") = "AutoMeshNodeServerInstaller", "AutoMeshNodeServerInstaller\AutoMeshNodeServerInstaller.csproj", "{DA66DE74-0AB6-4907-A189-3DB053007D40}"
EndProject
Project("{FAE04EC0-301F-11D3-BF4B-00C04F79EFBC}") = "AutomeshNodeManager", "AutomeshNodeManager\AutomeshNodeManager.csproj", "{46A746D1-3D20-4722-B9C2-36C902ABAE3B}"
EndProject
Project("{2150E333-8FDC-42A3-9474-1A3956D46DE8}") = "From版", "From版", "{9CD4A61F-2B65-462C-8D84-BCEDFFF7AFED}"
EndProject
Project("{2150E333-8FDC-42A3-9474-1A3956D46DE8}") = "TCP功能", "TCP功能", "{A0EC0403-AF10-40BC-83E2-140A64682985}"
EndProject
Project("{FAE04EC0-301F-11D3-BF4B-00C04F79EFBC}") = "AM_Node_Consoller", "AM_Node_Consoller\AM_Node_Consoller.csproj", "{A845CA79-893D-4073-9D5D-E58BAF11B2DE}"
EndProject
Project("{FAE04EC0-301F-11D3-BF4B-00C04F79EFBC}") = "AM_Client", "AM_Client\AM_Client.csproj", "{0F46F9EA-A433-425E-9854-BDCD34FD5CD8}"
EndProject
Global
	GlobalSection(SolutionConfigurationPlatforms) = preSolution
		Debug|Any CPU = Debug|Any CPU
		Debug|x64 = Debug|x64
		Release|Any CPU = Release|Any CPU
		Release|x64 = Release|x64
	EndGlobalSection
	GlobalSection(ProjectConfigurationPlatforms) = postSolution
		{4E8986C5-9640-4AD8-B4E1-8727E6C970C6}.Debug|Any CPU.ActiveCfg = Debug|Any CPU
		{4E8986C5-9640-4AD8-B4E1-8727E6C970C6}.Debug|Any CPU.Build.0 = Debug|Any CPU
		{4E8986C5-9640-4AD8-B4E1-8727E6C970C6}.Debug|x64.ActiveCfg = Debug|x64
		{4E8986C5-9640-4AD8-B4E1-8727E6C970C6}.Debug|x64.Build.0 = Debug|x64
		{4E8986C5-9640-4AD8-B4E1-8727E6C970C6}.Release|Any CPU.ActiveCfg = Release|Any CPU
		{4E8986C5-9640-4AD8-B4E1-8727E6C970C6}.Release|Any CPU.Build.0 = Release|Any CPU
		{4E8986C5-9640-4AD8-B4E1-8727E6C970C6}.Release|x64.ActiveCfg = Release|x64
		{4E8986C5-9640-4AD8-B4E1-8727E6C970C6}.Release|x64.Build.0 = Release|x64
		{5EB8B2F4-4E7A-45FD-A54C-E6C3A8BC8B7C}.Debug|Any CPU.ActiveCfg = Debug|Any CPU
		{5EB8B2F4-4E7A-45FD-A54C-E6C3A8BC8B7C}.Debug|Any CPU.Build.0 = Debug|Any CPU
		{5EB8B2F4-4E7A-45FD-A54C-E6C3A8BC8B7C}.Debug|x64.ActiveCfg = Debug|Any CPU
		{5EB8B2F4-4E7A-45FD-A54C-E6C3A8BC8B7C}.Release|Any CPU.ActiveCfg = Release|Any CPU
		{5EB8B2F4-4E7A-45FD-A54C-E6C3A8BC8B7C}.Release|Any CPU.Build.0 = Release|Any CPU
		{5EB8B2F4-4E7A-45FD-A54C-E6C3A8BC8B7C}.Release|x64.ActiveCfg = Release|Any CPU
		{DA66DE74-0AB6-4907-A189-3DB053007D40}.Debug|Any CPU.ActiveCfg = Debug|Any CPU
		{DA66DE74-0AB6-4907-A189-3DB053007D40}.Debug|Any CPU.Build.0 = Debug|Any CPU
		{DA66DE74-0AB6-4907-A189-3DB053007D40}.Debug|x64.ActiveCfg = Debug|Any CPU
		{DA66DE74-0AB6-4907-A189-3DB053007D40}.Debug|x64.Build.0 = Debug|Any CPU
		{DA66DE74-0AB6-4907-A189-3DB053007D40}.Release|Any CPU.ActiveCfg = Release|Any CPU
		{DA66DE74-0AB6-4907-A189-3DB053007D40}.Release|Any CPU.Build.0 = Release|Any CPU
		{DA66DE74-0AB6-4907-A189-3DB053007D40}.Release|x64.ActiveCfg = Release|Any CPU
		{DA66DE74-0AB6-4907-A189-3DB053007D40}.Release|x64.Build.0 = Release|Any CPU
		{46A746D1-3D20-4722-B9C2-36C902ABAE3B}.Debug|Any CPU.ActiveCfg = Debug|Any CPU
		{46A746D1-3D20-4722-B9C2-36C902ABAE3B}.Debug|Any CPU.Build.0 = Debug|Any CPU
		{46A746D1-3D20-4722-B9C2-36C902ABAE3B}.Debug|x64.ActiveCfg = Debug|Any CPU
		{46A746D1-3D20-4722-B9C2-36C902ABAE3B}.Debug|x64.Build.0 = Debug|Any CPU
		{46A746D1-3D20-4722-B9C2-36C902ABAE3B}.Release|Any CPU.ActiveCfg = Release|Any CPU
		{46A746D1-3D20-4722-B9C2-36C902ABAE3B}.Release|Any CPU.Build.0 = Release|Any CPU
		{46A746D1-3D20-4722-B9C2-36C902ABAE3B}.Release|x64.ActiveCfg = Release|Any CPU
		{46A746D1-3D20-4722-B9C2-36C902ABAE3B}.Release|x64.Build.0 = Release|Any CPU
		{A845CA79-893D-4073-9D5D-E58BAF11B2DE}.Debug|Any CPU.ActiveCfg = Debug|Any CPU
		{A845CA79-893D-4073-9D5D-E58BAF11B2DE}.Debug|Any CPU.Build.0 = Debug|Any CPU
		{A845CA79-893D-4073-9D5D-E58BAF11B2DE}.Debug|x64.ActiveCfg = Debug|Any CPU
		{A845CA79-893D-4073-9D5D-E58BAF11B2DE}.Debug|x64.Build.0 = Debug|Any CPU
		{A845CA79-893D-4073-9D5D-E58BAF11B2DE}.Release|Any CPU.ActiveCfg = Release|Any CPU
		{A845CA79-893D-4073-9D5D-E58BAF11B2DE}.Release|Any CPU.Build.0 = Release|Any CPU
		{A845CA79-893D-4073-9D5D-E58BAF11B2DE}.Release|x64.ActiveCfg = Release|Any CPU
		{A845CA79-893D-4073-9D5D-E58BAF11B2DE}.Release|x64.Build.0 = Release|Any CPU
		{0F46F9EA-A433-425E-9854-BDCD34FD5CD8}.Debug|Any CPU.ActiveCfg = Debug|Any CPU
		{0F46F9EA-A433-425E-9854-BDCD34FD5CD8}.Debug|Any CPU.Build.0 = Debug|Any CPU
		{0F46F9EA-A433-425E-9854-BDCD34FD5CD8}.Debug|x64.ActiveCfg = Debug|Any CPU
		{0F46F9EA-A433-425E-9854-BDCD34FD5CD8}.Debug|x64.Build.0 = Debug|Any CPU
		{0F46F9EA-A433-425E-9854-BDCD34FD5CD8}.Release|Any CPU.ActiveCfg = Release|Any CPU
		{0F46F9EA-A433-425E-9854-BDCD34FD5CD8}.Release|Any CPU.Build.0 = Release|Any CPU
		{0F46F9EA-A433-425E-9854-BDCD34FD5CD8}.Release|x64.ActiveCfg = Release|Any CPU
		{0F46F9EA-A433-425E-9854-BDCD34FD5CD8}.Release|x64.Build.0 = Release|Any CPU
	EndGlobalSection
	GlobalSection(SolutionProperties) = preSolution
		HideSolutionNode = FALSE
	EndGlobalSection
	GlobalSection(NestedProjects) = preSolution
		{4E8986C5-9640-4AD8-B4E1-8727E6C970C6} = {A0EC0403-AF10-40BC-83E2-140A64682985}
		{5EB8B2F4-4E7A-45FD-A54C-E6C3A8BC8B7C} = {A0EC0403-AF10-40BC-83E2-140A64682985}
		{DA66DE74-0AB6-4907-A189-3DB053007D40} = {9CD4A61F-2B65-462C-8D84-BCEDFFF7AFED}
		{46A746D1-3D20-4722-B9C2-36C902ABAE3B} = {9CD4A61F-2B65-462C-8D84-BCEDFFF7AFED}
	EndGlobalSection
EndGlobal
